
Microsoft Visual Studio Solution File, Format Version 12.00
# Visual Studio Version 17
VisualStudioVersion = 17.14.36310.24 d17.14
MinimumVisualStudioVersion = 10.0.40219.1
Project("{FAE04EC0-301F-11D3-BF4B-00C04F79EFBC}") = "ScribeTracker", "ScribeTracker.csproj", "{66F5BB6D-A63B-436E-BBA8-EFC76CDBC442}"
EndProject
Global
	GlobalSection(SolutionConfigurationPlatforms) = preSolution
		Debug|Any CPU = Debug|Any CPU
		Release|Any CPU = Release|Any CPU
	EndGlobalSection
	GlobalSection(ProjectConfigurationPlatforms) = postSolution
		{66F5BB6D-A63B-436E-BBA8-EFC76CDBC442}.Debug|Any CPU.ActiveCfg = Debug|Any CPU
		{66F5BB6D-A63B-436E-BBA8-EFC76CDBC442}.Debug|Any CPU.Build.0 = Debug|Any CPU
		{66F5BB6D-A63B-436E-BBA8-EFC76CDBC442}.Release|Any CPU.ActiveCfg = Release|Any CPU
		{66F5BB6D-A63B-436E-BBA8-EFC76CDBC442}.Release|Any CPU.Build.0 = Release|Any CPU
	EndGlobalSection
	GlobalSection(SolutionProperties) = preSolution
		HideSolutionNode = FALSE
	EndGlobalSection
	GlobalSection(ExtensibilityGlobals) = postSolution
		SolutionGuid = {83B45D84-48E3-44E9-80C0-641BA3A367FD}
	EndGlobalSection
EndGlobal
